
Microsoft Visual Studio Solution File, Format Version 9.00
# Visual C# Express 2005
Project("{FAE04EC0-301F-11D3-BF4B-00C04F79EFBC}") = "PresentationFramework tests", "PresentationFramework\PresentationFramework tests.csproj", "{308E0CB4-2A3C-43B8-B341-E116234E6104}"
	ProjectSection(ProjectDependencies) = postProject
		{B5A23654-EB68-420E-B396-B238176D7F30} = {B5A23654-EB68-420E-B396-B238176D7F30}
	EndProjectSection
EndProject
Project("{FAE04EC0-301F-11D3-BF4B-00C04F79EFBC}") = "Mono.PresentationFramework.Luna", "PresentationFramework.Luna\Mono.PresentationFramework.Luna.csproj", "{B5A23654-EB68-420E-B396-B238176D7F30}"
EndProject
Project("{FAE04EC0-301F-11D3-BF4B-00C04F79EFBC}") = "PresentationFramework.Luna tests", "PresentationFramework.Luna\PresentationFramework.Luna tests.csproj", "{5EBB825F-7ACD-40C5-A094-B3986C567558}"
EndProject
Project("{FAE04EC0-301F-11D3-BF4B-00C04F79EFBC}") = "ButtonAlign", "Samples\Mono\BtnColor\CSharp\ButtonAlign.csproj", "{32AAFFC0-6E41-44E8-87FA-D82F6C1601E7}"
EndProject
Project("{FAE04EC0-301F-11D3-BF4B-00C04F79EFBC}") = "ButtonStyles2", "Samples\Mono\BtnStyles\XAML\ButtonStyles2.csproj", "{FD79BB07-FDFA-43CD-8838-AF4DB08EE881}"
EndProject
Project("{FAE04EC0-301F-11D3-BF4B-00C04F79EFBC}") = "Checkbox2", "Samples\Mono\CheckBoxElement\CSharp\Checkbox2.csproj", "{10C55E94-DAEB-4BA6-9C61-869E2876EA1F}"
EndProject
Project("{FAE04EC0-301F-11D3-BF4B-00C04F79EFBC}") = "CheckBoxStyles", "Samples\Mono\CheckBoxStyles\XAML\CheckBoxStyles.csproj", "{9CA6DA1C-E75F-478B-8A44-101481360B48}"
EndProject
Project("{FAE04EC0-301F-11D3-BF4B-00C04F79EFBC}") = "ControlProps", "Samples\Mono\ControlProps\CSharp\ControlProps.csproj", "{B641F192-5E50-4AE0-8D09-BE22C974EBDA}"
EndProject
Project("{FAE04EC0-301F-11D3-BF4B-00C04F79EFBC}") = "ControlsAll", "Samples\Mono\ControlsAll\CSharp\ControlsAll.csproj", "{4B3DB5D4-30EB-4A45-8DAA-424DCF35D3E3}"
EndProject
Project("{FAE04EC0-301F-11D3-BF4B-00C04F79EFBC}") = "Label", "Samples\Mono\Label\XAML\Label.csproj", "{3054F8A8-954F-4DFD-83E3-D1DC2EE3B7DB}"
EndProject
Project("{FAE04EC0-301F-11D3-BF4B-00C04F79EFBC}") = "RadioButton", "Samples\Mono\RadioButton\CSharp\RadioButton.csproj", "{C05BF6D9-BF57-4E0E-A618-4FBA668B4D38}"
EndProject
Project("{FAE04EC0-301F-11D3-BF4B-00C04F79EFBC}") = "RepeatButtons", "Samples\Mono\RepeatButton\CSharp\RepeatButtons.csproj", "{F4287F73-6F46-4D26-9149-DBB29B86EB9D}"
EndProject
Project("{FAE04EC0-301F-11D3-BF4B-00C04F79EFBC}") = "ProgressBar", "Samples\Mono\ProgressBar\CSharp\ProgressBar.csproj", "{CAAD3253-F457-49FF-B3B6-4BE96DA18B7C}"
EndProject
Project("{FAE04EC0-301F-11D3-BF4B-00C04F79EFBC}") = "Slider", "Samples\Mono\Slider\CSharp\Slider.csproj", "{9D27235F-7635-4B11-B8E1-F92698888265}"
EndProject
Project("{FAE04EC0-301F-11D3-BF4B-00C04F79EFBC}") = "SliderwithDataBinding", "Samples\Mono\SliderwithDataBinding\XAML\SliderwithDataBinding.csproj", "{F4DF4A0A-950A-4573-B304-F76F81C9BF97}"
EndProject
Project("{FAE04EC0-301F-11D3-BF4B-00C04F79EFBC}") = "Test", "Test\Test.csproj", "{4D7716A0-6A89-4205-9073-9D24A1BAC84A}"
EndProject
Project("{FAE04EC0-301F-11D3-BF4B-00C04F79EFBC}") = "Mono.PresentationFramework", "PresentationFramework\Mono.PresentationFramework.csproj", "{7E667176-D940-4B73-9CE1-D5A01A9DB05E}"
EndProject
Project("{FAE04EC0-301F-11D3-BF4B-00C04F79EFBC}") = "TabControlSimple", "Samples\Mono\TabControl\CSharp\TabControlSimple.csproj", "{9213633E-345A-4311-9300-900B2B3B49DE}"
EndProject
Project("{FAE04EC0-301F-11D3-BF4B-00C04F79EFBC}") = "DockPanel_Ovw_sample", "Samples\Mono\DockPanelOvwSample\XAML\DockPanel_Ovw_sample.csproj", "{2C94D4A9-1F71-4A44-9E9C-7913E41F5735}"
EndProject
Project("{FAE04EC0-301F-11D3-BF4B-00C04F79EFBC}") = "StackPanel_layout", "Samples\Mono\StackPanelIntroSamp\CSharp\StackPanel_layout.csproj", "{1689B709-2A4E-46DE-945A-EA7FD9351AF3}"
EndProject
Project("{FAE04EC0-301F-11D3-BF4B-00C04F79EFBC}") = "StackPanel_Ovw_Sample4", "Samples\Mono\StackPanelOvw4\XAML\StackPanel_Ovw_Sample4.csproj", "{9FEAFD18-5977-42E5-87D1-AECF46EA6881}"
EndProject
Project("{FAE04EC0-301F-11D3-BF4B-00C04F79EFBC}") = "WrapPanel_Samp", "Samples\Mono\WrapPanel_Intro\XAML\WrapPanel_Samp.csproj", "{E52486E1-B58E-4497-95A7-A10130403348}"
EndProject
Project("{FAE04EC0-301F-11D3-BF4B-00C04F79EFBC}") = "DockProps", "Samples\Mono\DockPanelDockPropertyCode\Csharp\DockProps.csproj", "{0D123F07-1B46-4F78-99A2-FD0FB5087D45}"
EndProject
Project("{FAE04EC0-301F-11D3-BF4B-00C04F79EFBC}") = "Canvas_AttachedProperties", "Samples\Mono\CanvasAttachedProperties\XAML\Canvas_AttachedProperties.csproj", "{46EA1F13-B80A-4E2F-9F95-D5F086C0F44E}"
EndProject
Project("{FAE04EC0-301F-11D3-BF4B-00C04F79EFBC}") = "Canvas_Positioning_Properties", "Samples\Mono\CanvasPositioningProperties\CSharp\Canvas_Positioning_Properties.csproj", "{CB1DED0C-A734-4C35-AFC3-8A3AA4CC3A20}"
EndProject
Project("{FAE04EC0-301F-11D3-BF4B-00C04F79EFBC}") = "Canvas_Z-Order", "Samples\Mono\CanvasZ-Order\XAML\Canvas_Z-Order.csproj", "{2C726E8C-BAB2-4969-9CE3-7E11B23AFDB2}"
EndProject
Project("{FAE04EC0-301F-11D3-BF4B-00C04F79EFBC}") = "TabControlGrid", "Samples\Mono\TabControlStyles\XAML\TabControlGrid.csproj", "{B09EE921-1DD5-479B-BF47-7E9AB163D02C}"
EndProject
Project("{FAE04EC0-301F-11D3-BF4B-00C04F79EFBC}") = "TabControlStyles", "Samples\Mono\TabControlUsingControlTemplates\XAML\TabControlStyles.csproj", "{9244593D-5E7E-4652-B602-0DF1CCA70FA6}"
EndProject
Project("{FAE04EC0-301F-11D3-BF4B-00C04F79EFBC}") = "TabControlEx", "Samples\Mono\TabControlwithContextMenu\CSharp\TabControlEx.csproj", "{0FFBE912-D259-40BF-B928-55963E382C07}"
EndProject
Project("{FAE04EC0-301F-11D3-BF4B-00C04F79EFBC}") = "autogrid", "Samples\Mono\AutoGrid\CSharp\autogrid.csproj", "{9A4F85D2-7D85-49B5-A0FA-C966C438BFE3}"
EndProject
Project("{FAE04EC0-301F-11D3-BF4B-00C04F79EFBC}") = "Complex_Grid_XAML", "Samples\Mono\GridComplex\XAML\Complex_Grid_XAML.csproj", "{915B78CA-0634-4EC9-A5E1-15F0D71C1451}"
EndProject
Project("{FAE04EC0-301F-11D3-BF4B-00C04F79EFBC}") = "Grid_Convert_Value_Csharp", "Samples\Mono\GridConvertValue\CSharp\Grid_Convert_Value_Csharp.csproj", "{7B7180BD-1DBE-40DE-813A-098A8E64B409}"
EndProject
Project("{FAE04EC0-301F-11D3-BF4B-00C04F79EFBC}") = "grid_getset_methods", "Samples\Mono\gridGetSetMethods\CSharp\grid_getset_methods.csproj", "{B32889D7-77EC-4DD5-A396-2026C8AA42D1}"
EndProject
Project("{FAE04EC0-301F-11D3-BF4B-00C04F79EFBC}") = "grid_issharedsizescope_prop", "Samples\Mono\gridIssharedsizescopeProp\CSharp\grid_issharedsizescope_prop.csproj", "{FFC1B811-D7E9-449E-BFBC-2AB7E5558F62}"
EndProject
Project("{FAE04EC0-301F-11D3-BF4B-00C04F79EFBC}") = "GridLengthConverter_CSharp", "Samples\Mono\gridlengthConverterGrid\CSharp\GridLengthConverter_CSharp.csproj", "{4F333AE6-B7CF-462F-9637-D6837EFE2C6A}"
EndProject
Project("{FAE04EC0-301F-11D3-BF4B-00C04F79EFBC}") = "GridRunDialogXAML", "Samples\Mono\GridRunDialog\XAML\GridRunDialogXAML.csproj", "{95F88176-F895-4C7D-AA46-6FCF56C04DF0}"
EndProject
Project("{FAE04EC0-301F-11D3-BF4B-00C04F79EFBC}") = "GridStarValues", "Samples\Mono\GridStarValues\CSharp\GridStarValues.csproj", "{D562EB15-57E0-44D1-92B5-25C56B06B0B7}"
EndProject
Global
	GlobalSection(SolutionConfigurationPlatforms) = preSolution
		Debug - Implementation|Any CPU = Debug - Implementation|Any CPU
		Debug|Any CPU = Debug|Any CPU
		Release|Any CPU = Release|Any CPU
	EndGlobalSection
	GlobalSection(ProjectConfigurationPlatforms) = postSolution
		{308E0CB4-2A3C-43B8-B341-E116234E6104}.Debug - Implementation|Any CPU.ActiveCfg = Debug - Implementation|Any CPU
		{308E0CB4-2A3C-43B8-B341-E116234E6104}.Debug - Implementation|Any CPU.Build.0 = Debug - Implementation|Any CPU
		{308E0CB4-2A3C-43B8-B341-E116234E6104}.Debug|Any CPU.ActiveCfg = Debug|Any CPU
		{308E0CB4-2A3C-43B8-B341-E116234E6104}.Debug|Any CPU.Build.0 = Debug|Any CPU
		{308E0CB4-2A3C-43B8-B341-E116234E6104}.Release|Any CPU.ActiveCfg = Release|Any CPU
		{308E0CB4-2A3C-43B8-B341-E116234E6104}.Release|Any CPU.Build.0 = Release|Any CPU
		{B5A23654-EB68-420E-B396-B238176D7F30}.Debug - Implementation|Any CPU.ActiveCfg = Debug - Implementation|Any CPU
		{B5A23654-EB68-420E-B396-B238176D7F30}.Debug - Implementation|Any CPU.Build.0 = Debug - Implementation|Any CPU
		{B5A23654-EB68-420E-B396-B238176D7F30}.Debug|Any CPU.ActiveCfg = Debug|Any CPU
		{B5A23654-EB68-420E-B396-B238176D7F30}.Debug|Any CPU.Build.0 = Debug|Any CPU
		{B5A23654-EB68-420E-B396-B238176D7F30}.Release|Any CPU.ActiveCfg = Release|Any CPU
		{B5A23654-EB68-420E-B396-B238176D7F30}.Release|Any CPU.Build.0 = Release|Any CPU
		{5EBB825F-7ACD-40C5-A094-B3986C567558}.Debug - Implementation|Any CPU.ActiveCfg = Debug - Implementation|Any CPU
		{5EBB825F-7ACD-40C5-A094-B3986C567558}.Debug - Implementation|Any CPU.Build.0 = Debug - Implementation|Any CPU
		{5EBB825F-7ACD-40C5-A094-B3986C567558}.Debug|Any CPU.ActiveCfg = Debug|Any CPU
		{5EBB825F-7ACD-40C5-A094-B3986C567558}.Debug|Any CPU.Build.0 = Debug|Any CPU
		{5EBB825F-7ACD-40C5-A094-B3986C567558}.Release|Any CPU.ActiveCfg = Release|Any CPU
		{5EBB825F-7ACD-40C5-A094-B3986C567558}.Release|Any CPU.Build.0 = Release|Any CPU
		{32AAFFC0-6E41-44E8-87FA-D82F6C1601E7}.Debug - Implementation|Any CPU.ActiveCfg = Debug|Any CPU
		{32AAFFC0-6E41-44E8-87FA-D82F6C1601E7}.Debug|Any CPU.ActiveCfg = Debug|Any CPU
		{32AAFFC0-6E41-44E8-87FA-D82F6C1601E7}.Release|Any CPU.ActiveCfg = Debug|Any CPU
		{32AAFFC0-6E41-44E8-87FA-D82F6C1601E7}.Release|Any CPU.Build.0 = Debug|Any CPU
		{FD79BB07-FDFA-43CD-8838-AF4DB08EE881}.Debug - Implementation|Any CPU.ActiveCfg = Debug|Any CPU
		{FD79BB07-FDFA-43CD-8838-AF4DB08EE881}.Debug|Any CPU.ActiveCfg = Debug|Any CPU
		{FD79BB07-FDFA-43CD-8838-AF4DB08EE881}.Release|Any CPU.ActiveCfg = Debug|Any CPU
		{FD79BB07-FDFA-43CD-8838-AF4DB08EE881}.Release|Any CPU.Build.0 = Debug|Any CPU
		{10C55E94-DAEB-4BA6-9C61-869E2876EA1F}.Debug - Implementation|Any CPU.ActiveCfg = Debug|Any CPU
		{10C55E94-DAEB-4BA6-9C61-869E2876EA1F}.Debug|Any CPU.ActiveCfg = Debug|Any CPU
		{10C55E94-DAEB-4BA6-9C61-869E2876EA1F}.Release|Any CPU.ActiveCfg = Debug|Any CPU
		{10C55E94-DAEB-4BA6-9C61-869E2876EA1F}.Release|Any CPU.Build.0 = Debug|Any CPU
		{9CA6DA1C-E75F-478B-8A44-101481360B48}.Debug - Implementation|Any CPU.ActiveCfg = Debug|Any CPU
		{9CA6DA1C-E75F-478B-8A44-101481360B48}.Debug|Any CPU.ActiveCfg = Debug|Any CPU
		{9CA6DA1C-E75F-478B-8A44-101481360B48}.Release|Any CPU.ActiveCfg = Debug|Any CPU
		{9CA6DA1C-E75F-478B-8A44-101481360B48}.Release|Any CPU.Build.0 = Debug|Any CPU
		{B641F192-5E50-4AE0-8D09-BE22C974EBDA}.Debug - Implementation|Any CPU.ActiveCfg = Debug|Any CPU
		{B641F192-5E50-4AE0-8D09-BE22C974EBDA}.Debug|Any CPU.ActiveCfg = Debug|Any CPU
		{B641F192-5E50-4AE0-8D09-BE22C974EBDA}.Release|Any CPU.ActiveCfg = Debug|Any CPU
		{B641F192-5E50-4AE0-8D09-BE22C974EBDA}.Release|Any CPU.Build.0 = Debug|Any CPU
		{4B3DB5D4-30EB-4A45-8DAA-424DCF35D3E3}.Debug - Implementation|Any CPU.ActiveCfg = Debug|Any CPU
		{4B3DB5D4-30EB-4A45-8DAA-424DCF35D3E3}.Debug|Any CPU.ActiveCfg = Debug|Any CPU
		{4B3DB5D4-30EB-4A45-8DAA-424DCF35D3E3}.Release|Any CPU.ActiveCfg = Debug|Any CPU
		{4B3DB5D4-30EB-4A45-8DAA-424DCF35D3E3}.Release|Any CPU.Build.0 = Debug|Any CPU
		{3054F8A8-954F-4DFD-83E3-D1DC2EE3B7DB}.Debug - Implementation|Any CPU.ActiveCfg = Debug|Any CPU
		{3054F8A8-954F-4DFD-83E3-D1DC2EE3B7DB}.Debug|Any CPU.ActiveCfg = Debug|Any CPU
		{3054F8A8-954F-4DFD-83E3-D1DC2EE3B7DB}.Release|Any CPU.ActiveCfg = Debug|Any CPU
		{3054F8A8-954F-4DFD-83E3-D1DC2EE3B7DB}.Release|Any CPU.Build.0 = Debug|Any CPU
		{C05BF6D9-BF57-4E0E-A618-4FBA668B4D38}.Debug - Implementation|Any CPU.ActiveCfg = Debug|Any CPU
		{C05BF6D9-BF57-4E0E-A618-4FBA668B4D38}.Debug|Any CPU.ActiveCfg = Debug|Any CPU
		{C05BF6D9-BF57-4E0E-A618-4FBA668B4D38}.Release|Any CPU.ActiveCfg = Debug|Any CPU
		{C05BF6D9-BF57-4E0E-A618-4FBA668B4D38}.Release|Any CPU.Build.0 = Debug|Any CPU
		{F4287F73-6F46-4D26-9149-DBB29B86EB9D}.Debug - Implementation|Any CPU.ActiveCfg = Debug|Any CPU
		{F4287F73-6F46-4D26-9149-DBB29B86EB9D}.Debug|Any CPU.ActiveCfg = Debug|Any CPU
		{F4287F73-6F46-4D26-9149-DBB29B86EB9D}.Release|Any CPU.ActiveCfg = Debug|Any CPU
		{F4287F73-6F46-4D26-9149-DBB29B86EB9D}.Release|Any CPU.Build.0 = Debug|Any CPU
		{CAAD3253-F457-49FF-B3B6-4BE96DA18B7C}.Debug - Implementation|Any CPU.ActiveCfg = Debug|Any CPU
		{CAAD3253-F457-49FF-B3B6-4BE96DA18B7C}.Debug|Any CPU.ActiveCfg = Debug|Any CPU
		{CAAD3253-F457-49FF-B3B6-4BE96DA18B7C}.Release|Any CPU.ActiveCfg = Debug|Any CPU
		{CAAD3253-F457-49FF-B3B6-4BE96DA18B7C}.Release|Any CPU.Build.0 = Debug|Any CPU
		{9D27235F-7635-4B11-B8E1-F92698888265}.Debug - Implementation|Any CPU.ActiveCfg = Debug|Any CPU
		{9D27235F-7635-4B11-B8E1-F92698888265}.Debug|Any CPU.ActiveCfg = Debug|Any CPU
		{9D27235F-7635-4B11-B8E1-F92698888265}.Release|Any CPU.ActiveCfg = Debug|Any CPU
		{9D27235F-7635-4B11-B8E1-F92698888265}.Release|Any CPU.Build.0 = Debug|Any CPU
		{F4DF4A0A-950A-4573-B304-F76F81C9BF97}.Debug - Implementation|Any CPU.ActiveCfg = Debug|Any CPU
		{F4DF4A0A-950A-4573-B304-F76F81C9BF97}.Debug|Any CPU.ActiveCfg = Debug|Any CPU
		{F4DF4A0A-950A-4573-B304-F76F81C9BF97}.Release|Any CPU.ActiveCfg = Debug|Any CPU
		{F4DF4A0A-950A-4573-B304-F76F81C9BF97}.Release|Any CPU.Build.0 = Debug|Any CPU
		{4D7716A0-6A89-4205-9073-9D24A1BAC84A}.Debug - Implementation|Any CPU.ActiveCfg = Debug - Implementation|Any CPU
		{4D7716A0-6A89-4205-9073-9D24A1BAC84A}.Debug - Implementation|Any CPU.Build.0 = Debug - Implementation|Any CPU
		{4D7716A0-6A89-4205-9073-9D24A1BAC84A}.Debug|Any CPU.ActiveCfg = Debug|Any CPU
		{4D7716A0-6A89-4205-9073-9D24A1BAC84A}.Debug|Any CPU.Build.0 = Debug|Any CPU
		{4D7716A0-6A89-4205-9073-9D24A1BAC84A}.Release|Any CPU.ActiveCfg = Release|Any CPU
		{4D7716A0-6A89-4205-9073-9D24A1BAC84A}.Release|Any CPU.Build.0 = Release|Any CPU
		{7E667176-D940-4B73-9CE1-D5A01A9DB05E}.Debug - Implementation|Any CPU.ActiveCfg = Debug - Implementation|Any CPU
		{7E667176-D940-4B73-9CE1-D5A01A9DB05E}.Debug - Implementation|Any CPU.Build.0 = Debug - Implementation|Any CPU
		{7E667176-D940-4B73-9CE1-D5A01A9DB05E}.Debug|Any CPU.ActiveCfg = Debug|Any CPU
		{7E667176-D940-4B73-9CE1-D5A01A9DB05E}.Debug|Any CPU.Build.0 = Debug|Any CPU
		{7E667176-D940-4B73-9CE1-D5A01A9DB05E}.Release|Any CPU.ActiveCfg = Release|Any CPU
		{7E667176-D940-4B73-9CE1-D5A01A9DB05E}.Release|Any CPU.Build.0 = Release|Any CPU
		{9213633E-345A-4311-9300-900B2B3B49DE}.Debug - Implementation|Any CPU.ActiveCfg = Debug|Any CPU
		{9213633E-345A-4311-9300-900B2B3B49DE}.Debug|Any CPU.ActiveCfg = Debug|Any CPU
		{9213633E-345A-4311-9300-900B2B3B49DE}.Release|Any CPU.ActiveCfg = Debug|Any CPU
		{9213633E-345A-4311-9300-900B2B3B49DE}.Release|Any CPU.Build.0 = Debug|Any CPU
		{2C94D4A9-1F71-4A44-9E9C-7913E41F5735}.Debug - Implementation|Any CPU.ActiveCfg = Debug|Any CPU
		{2C94D4A9-1F71-4A44-9E9C-7913E41F5735}.Debug|Any CPU.ActiveCfg = Debug|Any CPU
		{2C94D4A9-1F71-4A44-9E9C-7913E41F5735}.Release|Any CPU.ActiveCfg = Debug|Any CPU
		{2C94D4A9-1F71-4A44-9E9C-7913E41F5735}.Release|Any CPU.Build.0 = Debug|Any CPU
		{1689B709-2A4E-46DE-945A-EA7FD9351AF3}.Debug - Implementation|Any CPU.ActiveCfg = Debug|Any CPU
		{1689B709-2A4E-46DE-945A-EA7FD9351AF3}.Debug|Any CPU.ActiveCfg = Debug|Any CPU
		{1689B709-2A4E-46DE-945A-EA7FD9351AF3}.Release|Any CPU.ActiveCfg = Debug|Any CPU
		{1689B709-2A4E-46DE-945A-EA7FD9351AF3}.Release|Any CPU.Build.0 = Debug|Any CPU
		{9FEAFD18-5977-42E5-87D1-AECF46EA6881}.Debug - Implementation|Any CPU.ActiveCfg = Debug|Any CPU
		{9FEAFD18-5977-42E5-87D1-AECF46EA6881}.Debug|Any CPU.ActiveCfg = Debug|Any CPU
		{9FEAFD18-5977-42E5-87D1-AECF46EA6881}.Release|Any CPU.ActiveCfg = Debug|Any CPU
		{9FEAFD18-5977-42E5-87D1-AECF46EA6881}.Release|Any CPU.Build.0 = Debug|Any CPU
		{E52486E1-B58E-4497-95A7-A10130403348}.Debug - Implementation|Any CPU.ActiveCfg = Debug|Any CPU
		{E52486E1-B58E-4497-95A7-A10130403348}.Debug|Any CPU.ActiveCfg = Debug|Any CPU
		{E52486E1-B58E-4497-95A7-A10130403348}.Release|Any CPU.ActiveCfg = Debug|Any CPU
		{E52486E1-B58E-4497-95A7-A10130403348}.Release|Any CPU.Build.0 = Debug|Any CPU
		{0D123F07-1B46-4F78-99A2-FD0FB5087D45}.Debug - Implementation|Any CPU.ActiveCfg = Debug|Any CPU
		{0D123F07-1B46-4F78-99A2-FD0FB5087D45}.Debug|Any CPU.ActiveCfg = Debug|Any CPU
		{0D123F07-1B46-4F78-99A2-FD0FB5087D45}.Release|Any CPU.ActiveCfg = Debug|Any CPU
		{0D123F07-1B46-4F78-99A2-FD0FB5087D45}.Release|Any CPU.Build.0 = Debug|Any CPU
		{46EA1F13-B80A-4E2F-9F95-D5F086C0F44E}.Debug - Implementation|Any CPU.ActiveCfg = Debug|Any CPU
		{46EA1F13-B80A-4E2F-9F95-D5F086C0F44E}.Debug|Any CPU.ActiveCfg = Debug|Any CPU
		{46EA1F13-B80A-4E2F-9F95-D5F086C0F44E}.Release|Any CPU.ActiveCfg = Debug|Any CPU
		{46EA1F13-B80A-4E2F-9F95-D5F086C0F44E}.Release|Any CPU.Build.0 = Debug|Any CPU
		{CB1DED0C-A734-4C35-AFC3-8A3AA4CC3A20}.Debug - Implementation|Any CPU.ActiveCfg = Debug|Any CPU
		{CB1DED0C-A734-4C35-AFC3-8A3AA4CC3A20}.Debug|Any CPU.ActiveCfg = Debug|Any CPU
		{CB1DED0C-A734-4C35-AFC3-8A3AA4CC3A20}.Release|Any CPU.ActiveCfg = Debug|Any CPU
		{CB1DED0C-A734-4C35-AFC3-8A3AA4CC3A20}.Release|Any CPU.Build.0 = Debug|Any CPU
		{2C726E8C-BAB2-4969-9CE3-7E11B23AFDB2}.Debug - Implementation|Any CPU.ActiveCfg = Debug|Any CPU
		{2C726E8C-BAB2-4969-9CE3-7E11B23AFDB2}.Debug|Any CPU.ActiveCfg = Debug|Any CPU
		{2C726E8C-BAB2-4969-9CE3-7E11B23AFDB2}.Release|Any CPU.ActiveCfg = Debug|Any CPU
		{2C726E8C-BAB2-4969-9CE3-7E11B23AFDB2}.Release|Any CPU.Build.0 = Debug|Any CPU
		{B09EE921-1DD5-479B-BF47-7E9AB163D02C}.Debug - Implementation|Any CPU.ActiveCfg = Debug|Any CPU
		{B09EE921-1DD5-479B-BF47-7E9AB163D02C}.Debug|Any CPU.ActiveCfg = Debug|Any CPU
		{B09EE921-1DD5-479B-BF47-7E9AB163D02C}.Release|Any CPU.ActiveCfg = Debug|Any CPU
		{B09EE921-1DD5-479B-BF47-7E9AB163D02C}.Release|Any CPU.Build.0 = Debug|Any CPU
		{9244593D-5E7E-4652-B602-0DF1CCA70FA6}.Debug - Implementation|Any CPU.ActiveCfg = Debug|Any CPU
		{9244593D-5E7E-4652-B602-0DF1CCA70FA6}.Debug|Any CPU.ActiveCfg = Debug|Any CPU
		{9244593D-5E7E-4652-B602-0DF1CCA70FA6}.Release|Any CPU.ActiveCfg = Debug|Any CPU
		{9244593D-5E7E-4652-B602-0DF1CCA70FA6}.Release|Any CPU.Build.0 = Debug|Any CPU
		{0FFBE912-D259-40BF-B928-55963E382C07}.Debug - Implementation|Any CPU.ActiveCfg = Debug|Any CPU
		{0FFBE912-D259-40BF-B928-55963E382C07}.Debug|Any CPU.ActiveCfg = Debug|Any CPU
		{0FFBE912-D259-40BF-B928-55963E382C07}.Release|Any CPU.ActiveCfg = Debug|Any CPU
		{0FFBE912-D259-40BF-B928-55963E382C07}.Release|Any CPU.Build.0 = Debug|Any CPU
		{9A4F85D2-7D85-49B5-A0FA-C966C438BFE3}.Debug - Implementation|Any CPU.ActiveCfg = Debug|Any CPU
		{9A4F85D2-7D85-49B5-A0FA-C966C438BFE3}.Debug - Implementation|Any CPU.Build.0 = Debug|Any CPU
		{9A4F85D2-7D85-49B5-A0FA-C966C438BFE3}.Debug|Any CPU.ActiveCfg = Debug|Any CPU
		{9A4F85D2-7D85-49B5-A0FA-C966C438BFE3}.Release|Any CPU.ActiveCfg = Debug|Any CPU
		{9A4F85D2-7D85-49B5-A0FA-C966C438BFE3}.Release|Any CPU.Build.0 = Debug|Any CPU
		{915B78CA-0634-4EC9-A5E1-15F0D71C1451}.Debug - Implementation|Any CPU.ActiveCfg = Debug|Any CPU
		{915B78CA-0634-4EC9-A5E1-15F0D71C1451}.Debug - Implementation|Any CPU.Build.0 = Debug|Any CPU
		{915B78CA-0634-4EC9-A5E1-15F0D71C1451}.Debug|Any CPU.ActiveCfg = Debug|Any CPU
		{915B78CA-0634-4EC9-A5E1-15F0D71C1451}.Release|Any CPU.ActiveCfg = Debug|Any CPU
		{915B78CA-0634-4EC9-A5E1-15F0D71C1451}.Release|Any CPU.Build.0 = Debug|Any CPU
		{7B7180BD-1DBE-40DE-813A-098A8E64B409}.Debug - Implementation|Any CPU.ActiveCfg = Debug|Any CPU
		{7B7180BD-1DBE-40DE-813A-098A8E64B409}.Debug - Implementation|Any CPU.Build.0 = Debug|Any CPU
		{7B7180BD-1DBE-40DE-813A-098A8E64B409}.Debug|Any CPU.ActiveCfg = Debug|Any CPU
		{7B7180BD-1DBE-40DE-813A-098A8E64B409}.Release|Any CPU.ActiveCfg = Debug|Any CPU
		{7B7180BD-1DBE-40DE-813A-098A8E64B409}.Release|Any CPU.Build.0 = Debug|Any CPU
		{B32889D7-77EC-4DD5-A396-2026C8AA42D1}.Debug - Implementation|Any CPU.ActiveCfg = Debug|Any CPU
		{B32889D7-77EC-4DD5-A396-2026C8AA42D1}.Debug - Implementation|Any CPU.Build.0 = Debug|Any CPU
		{B32889D7-77EC-4DD5-A396-2026C8AA42D1}.Debug|Any CPU.ActiveCfg = Debug|Any CPU
		{B32889D7-77EC-4DD5-A396-2026C8AA42D1}.Release|Any CPU.ActiveCfg = Debug|Any CPU
		{B32889D7-77EC-4DD5-A396-2026C8AA42D1}.Release|Any CPU.Build.0 = Debug|Any CPU
		{FFC1B811-D7E9-449E-BFBC-2AB7E5558F62}.Debug - Implementation|Any CPU.ActiveCfg = Debug|Any CPU
		{FFC1B811-D7E9-449E-BFBC-2AB7E5558F62}.Debug - Implementation|Any CPU.Build.0 = Debug|Any CPU
		{FFC1B811-D7E9-449E-BFBC-2AB7E5558F62}.Debug|Any CPU.ActiveCfg = Debug|Any CPU
		{FFC1B811-D7E9-449E-BFBC-2AB7E5558F62}.Release|Any CPU.ActiveCfg = Debug|Any CPU
		{FFC1B811-D7E9-449E-BFBC-2AB7E5558F62}.Release|Any CPU.Build.0 = Debug|Any CPU
		{4F333AE6-B7CF-462F-9637-D6837EFE2C6A}.Debug - Implementation|Any CPU.ActiveCfg = Debug|Any CPU
		{4F333AE6-B7CF-462F-9637-D6837EFE2C6A}.Debug - Implementation|Any CPU.Build.0 = Debug|Any CPU
		{4F333AE6-B7CF-462F-9637-D6837EFE2C6A}.Debug|Any CPU.ActiveCfg = Debug|Any CPU
		{4F333AE6-B7CF-462F-9637-D6837EFE2C6A}.Release|Any CPU.ActiveCfg = Debug|Any CPU
		{4F333AE6-B7CF-462F-9637-D6837EFE2C6A}.Release|Any CPU.Build.0 = Debug|Any CPU
		{95F88176-F895-4C7D-AA46-6FCF56C04DF0}.Debug - Implementation|Any CPU.ActiveCfg = Debug|Any CPU
		{95F88176-F895-4C7D-AA46-6FCF56C04DF0}.Debug - Implementation|Any CPU.Build.0 = Debug|Any CPU
		{95F88176-F895-4C7D-AA46-6FCF56C04DF0}.Debug|Any CPU.ActiveCfg = Debug|Any CPU
		{95F88176-F895-4C7D-AA46-6FCF56C04DF0}.Release|Any CPU.ActiveCfg = Debug|Any CPU
		{95F88176-F895-4C7D-AA46-6FCF56C04DF0}.Release|Any CPU.Build.0 = Debug|Any CPU
		{D562EB15-57E0-44D1-92B5-25C56B06B0B7}.Debug - Implementation|Any CPU.ActiveCfg = Debug|Any CPU
		{D562EB15-57E0-44D1-92B5-25C56B06B0B7}.Debug - Implementation|Any CPU.Build.0 = Debug|Any CPU
		{D562EB15-57E0-44D1-92B5-25C56B06B0B7}.Debug|Any CPU.ActiveCfg = Debug|Any CPU
		{D562EB15-57E0-44D1-92B5-25C56B06B0B7}.Release|Any CPU.ActiveCfg = Debug|Any CPU
		{D562EB15-57E0-44D1-92B5-25C56B06B0B7}.Release|Any CPU.Build.0 = Debug|Any CPU
	EndGlobalSection
	GlobalSection(SolutionProperties) = preSolution
		HideSolutionNode = FALSE
	EndGlobalSection
EndGlobal
