
Microsoft Visual Studio Solution File, Format Version 9.00
# Visual Studio 2005
# SharpDevelop 3.0.0.2373
Project("{FAE04EC0-301F-11D3-BF4B-00C04F79EFBC}") = "sharpdevelop-nms", "NMS\sharpdevelop-nms.csproj", "{300C1716-0674-4D01-8F5D-151E59A504FE}"
EndProject
Project("{FAE04EC0-301F-11D3-BF4B-00C04F79EFBC}") = "sharpdevelop-activemq", "ActiveMQ\sharpdevelop-activemq.csproj", "{08321F42-4B3D-4815-B592-95962BAC3B9F}"
EndProject
Project("{FAE04EC0-301F-11D3-BF4B-00C04F79EFBC}") = "System.Messaging", "System.Messaging\System.Messaging.csproj", "{1DC087AF-F179-4805-A8A0-822E0D36B710}"
EndProject
Global
	GlobalSection(SolutionConfigurationPlatforms) = preSolution
		Debug|Any CPU = Debug|Any CPU
		Release|Any CPU = Release|Any CPU
	EndGlobalSection
	GlobalSection(ProjectConfigurationPlatforms) = postSolution
		{1512B784-CDF1-41D9-9B35-ABB65AFDF2EB}.Debug|Any CPU.Build.0 = Debug|Any CPU
		{1512B784-CDF1-41D9-9B35-ABB65AFDF2EB}.Debug|Any CPU.ActiveCfg = Debug|Any CPU
		{1512B784-CDF1-41D9-9B35-ABB65AFDF2EB}.Release|Any CPU.Build.0 = Release|Any CPU
		{1512B784-CDF1-41D9-9B35-ABB65AFDF2EB}.Release|Any CPU.ActiveCfg = Release|Any CPU
		{300C1716-0674-4D01-8F5D-151E59A504FE}.Debug|Any CPU.Build.0 = Debug|Any CPU
		{300C1716-0674-4D01-8F5D-151E59A504FE}.Debug|Any CPU.ActiveCfg = Debug|Any CPU
		{300C1716-0674-4D01-8F5D-151E59A504FE}.Release|Any CPU.Build.0 = Release|Any CPU
		{300C1716-0674-4D01-8F5D-151E59A504FE}.Release|Any CPU.ActiveCfg = Release|Any CPU
		{08321F42-4B3D-4815-B592-95962BAC3B9F}.Debug|Any CPU.Build.0 = Debug|Any CPU
		{08321F42-4B3D-4815-B592-95962BAC3B9F}.Debug|Any CPU.ActiveCfg = Debug|Any CPU
		{08321F42-4B3D-4815-B592-95962BAC3B9F}.Release|Any CPU.Build.0 = Release|Any CPU
		{08321F42-4B3D-4815-B592-95962BAC3B9F}.Release|Any CPU.ActiveCfg = Release|Any CPU
		{1DC087AF-F179-4805-A8A0-822E0D36B710}.Debug|Any CPU.Build.0 = Debug|Any CPU
		{1DC087AF-F179-4805-A8A0-822E0D36B710}.Debug|Any CPU.ActiveCfg = Debug|Any CPU
		{1DC087AF-F179-4805-A8A0-822E0D36B710}.Release|Any CPU.Build.0 = Release|Any CPU
		{1DC087AF-F179-4805-A8A0-822E0D36B710}.Release|Any CPU.ActiveCfg = Release|Any CPU
	EndGlobalSection
EndGlobal
